PODS:
  - AppAuth (1.5.0):
    - AppAuth/Core (= 1.5.0)
    - AppAuth/ExternalUserAgent (= 1.5.0)
  - AppAuth/Core (1.5.0)
  - AppAuth/ExternalUserAgent (1.5.0):
    - AppAuth/Core
  - cloud_firestore (3.4.1):
    - Firebase/Firestore (= 9.3.0)
    - firebase_core
    - Flutter
  - cloud_functions (3.3.3):
    - Firebase/Functions (= 9.3.0)
    - firebase_core
    - Flutter
  - DKImagePickerController/Core (4.3.4):
    - DKImagePickerController/ImageDataManager
    - DKImagePickerController/Resource
  - DKImagePickerController/ImageDataManager (4.3.4)
  - DKImagePickerController/PhotoGallery (4.3.4):
    - DKImagePickerController/Core
    - DKPhotoGallery
  - DKImagePickerController/Resource (4.3.4)
  - DKPhotoGallery (0.0.17):
    - DKPhotoGallery/Core (= 0.0.17)
    - DKPhotoGallery/Model (= 0.0.17)
    - DKPhotoGallery/Preview (= 0.0.17)
    - DKPhotoGallery/Resource (= 0.0.17)
    - SDWebImage
    - SwiftyGif
  - DKPhotoGallery/Core (0.0.17):
    - DKPhotoGallery/Model
    - DKPhotoGallery/Preview
    - SDWebImage
    - SwiftyGif
  - DKPhotoGallery/Model (0.0.17):
    - SDWebImage
    - SwiftyGif
  - DKPhotoGallery/Preview (0.0.17):
    - DKPhotoGallery/Model
    - DKPhotoGallery/Resource
    - SDWebImage
    - SwiftyGif
  - DKPhotoGallery/Resource (0.0.17):
    - SDWebImage
    - SwiftyGif
  - file_picker (0.0.1):
    - DKImagePickerController/PhotoGallery
    - Flutter
  - Firebase/Auth (9.3.0):
    - Firebase/CoreOnly
    - FirebaseAuth (~> 9.3.0)
  - Firebase/CoreOnly (9.3.0):
    - FirebaseCore (= 9.3.0)
  - Firebase/Firestore (9.3.0):
    - Firebase/CoreOnly
    - FirebaseFirestore (~> 9.3.0)
  - Firebase/Functions (9.3.0):
    - Firebase/CoreOnly
    - FirebaseFunctions (~> 9.3.0)
  - Firebase/Messaging (9.3.0):
    - Firebase/CoreOnly
    - FirebaseMessaging (~> 9.3.0)
  - Firebase/Storage (9.3.0):
    - Firebase/CoreOnly
    - FirebaseStorage (~> 9.3.0)
  - firebase_auth (3.5.1):
    - Firebase/Auth (= 9.3.0)
    - firebase_core
    - Flutter
  - firebase_core (1.20.0):
    - Firebase/CoreOnly (= 9.3.0)
    - Flutter
  - firebase_messaging (12.0.1):
    - Firebase/Messaging (= 9.3.0)
    - firebase_core
    - Flutter
  - firebase_storage (10.3.4):
    - Firebase/Storage (= 9.3.0)
    - firebase_core
    - Flutter
  - FirebaseAppCheckInterop (9.3.0)
  - FirebaseAuth (9.3.0):
    - FirebaseCore (~> 9.0)
    - GoogleUtilities/AppDelegateSwizzler (~> 7.7)
    - GoogleUtilities/Environment (~> 7.7)
    - GTMSessionFetcher/Core (< 3.0, >= 1.7)
  - FirebaseAuthInterop (9.3.0)
  - FirebaseCore (9.3.0):
    - FirebaseCoreDiagnostics (~> 9.0)
    - FirebaseCoreInternal (~> 9.0)
    - GoogleUtilities/Environment (~> 7.7)
    - GoogleUtilities/Logger (~> 7.7)
  - FirebaseCoreDiagnostics (9.3.0):
    - GoogleDataTransport (< 10.0.0, >= 9.1.4)
    - GoogleUtilities/Environment (~> 7.7)
    - GoogleUtilities/Logger (~> 7.7)
    - nanopb (< 2.30910.0, >= 2.30908.0)
  - FirebaseCoreExtension (9.3.0):
    - FirebaseCore (~> 9.0)
  - FirebaseCoreInternal (9.3.0):
    - "GoogleUtilities/NSData+zlib (~> 7.7)"
  - FirebaseFirestore (9.3.0):
    - FirebaseFirestore/AutodetectLeveldb (= 9.3.0)
  - FirebaseFirestore/AutodetectLeveldb (9.3.0):
    - FirebaseFirestore/Base
    - FirebaseFirestore/WithLeveldb
  - FirebaseFirestore/Base (9.3.0)
  - FirebaseFirestore/WithLeveldb (9.3.0):
    - FirebaseFirestore/Base
  - FirebaseFunctions (9.3.0):
    - FirebaseAppCheckInterop (~> 9.0)
    - FirebaseAuthInterop (~> 9.0)
    - FirebaseCore (~> 9.0)
    - FirebaseCoreExtension (~> 9.0)
    - FirebaseMessagingInterop (~> 9.0)
    - FirebaseSharedSwift (~> 9.0)
    - GTMSessionFetcher/Core (< 3.0, >= 1.7)
  - FirebaseInstallations (9.3.0):
    - FirebaseCore (~> 9.0)
    - GoogleUtilities/Environment (~> 7.7)
    - GoogleUtilities/UserDefaults (~> 7.7)
    - PromisesObjC (~> 2.1)
  - FirebaseMessaging (9.3.0):
    - FirebaseCore (~> 9.0)
    - FirebaseInstallations (~> 9.0)
    - GoogleDataTransport (< 10.0.0, >= 9.1.4)
    - GoogleUtilities/AppDelegateSwizzler (~> 7.7)
    - GoogleUtilities/Environment (~> 7.7)
    - GoogleUtilities/Reachability (~> 7.7)
    - GoogleUtilities/UserDefaults (~> 7.7)
    - nanopb (< 2.30910.0, >= 2.30908.0)
  - FirebaseMessagingInterop (9.3.0)
  - FirebaseSharedSwift (9.3.0)
  - FirebaseStorage (9.3.0):
    - FirebaseAppCheckInterop (~> 9.0)
    - FirebaseAuthInterop (~> 9.0)
    - FirebaseCore (~> 9.0)
    - FirebaseCoreExtension (~> 9.0)
    - FirebaseStorageInternal (~> 9.0)
  - FirebaseStorageInternal (9.3.0):
    - FirebaseCore (~> 9.0)
    - GTMSessionFetcher/Core (< 3.0, >= 1.7)
  - Flutter (1.0.0)
  - google_sign_in_ios (0.0.1):
    - Flutter
    - GoogleSignIn (~> 6.2)
  - GoogleDataTransport (9.1.4):
    - GoogleUtilities/Environment (~> 7.7)
    - nanopb (< 2.30910.0, >= 2.30908.0)
    - PromisesObjC (< 3.0, >= 1.2)
  - GoogleSignIn (6.2.2):
    - AppAuth (~> 1.5)
    - GTMAppAuth (~> 1.3)
    - GTMSessionFetcher/Core (~> 1.1)
  - GoogleUtilities/AppDelegateSwizzler (7.7.0):
    - GoogleUtilities/Environment
    - GoogleUtilities/Logger
    - GoogleUtilities/Network
  - GoogleUtilities/Environment (7.7.0):
    - PromisesObjC (< 3.0, >= 1.2)
  - GoogleUtilities/Logger (7.7.0):
    - GoogleUtilities/Environment
  - GoogleUtilities/Network (7.7.0):
    - GoogleUtilities/Logger
    - "GoogleUtilities/NSData+zlib"
    - GoogleUtilities/Reachability
  - "GoogleUtilities/NSData+zlib (7.7.0)"
  - GoogleUtilities/Reachability (7.7.0):
    - GoogleUtilities/Logger
  - GoogleUtilities/UserDefaults (7.7.0):
    - GoogleUtilities/Logger
  - GTMAppAuth (1.3.0):
    - AppAuth/Core (~> 1.4)
    - GTMSessionFetcher/Core (~> 1.5)
  - GTMSessionFetcher/Core (1.7.2)
  - nanopb (2.30909.0):
    - nanopb/decode (= 2.30909.0)
    - nanopb/encode (= 2.30909.0)
  - nanopb/decode (2.30909.0)
  - nanopb/encode (2.30909.0)
  - notification_permissions (0.4.4):
    - Flutter
  - phone_number (0.12.0):
    - Flutter
    - PhoneNumberKit/PhoneNumberKitCore (= 3.3.4)
  - PhoneNumberKit/PhoneNumberKitCore (3.3.4)
  - PromisesObjC (2.1.1)
  - SDWebImage (5.13.2):
    - SDWebImage/Core (= 5.13.2)
  - SDWebImage/Core (5.13.2)
  - sign_in_with_apple (0.0.1):
    - Flutter
  - SwiftyGif (5.4.3)
  - url_launcher_ios (0.0.1):
    - Flutter
  - webview_flutter_wkwebview (0.0.1):
    - Flutter

DEPENDENCIES:
  - cloud_firestore (from `.symlinks/plugins/cloud_firestore/ios`)
  - cloud_functions (from `.symlinks/plugins/cloud_functions/ios`)
  - file_picker (from `.symlinks/plugins/file_picker/ios`)
  - firebase_auth (from `.symlinks/plugins/firebase_auth/ios`)
  - firebase_core (from `.symlinks/plugins/firebase_core/ios`)
  - firebase_messaging (from `.symlinks/plugins/firebase_messaging/ios`)
  - firebase_storage (from `.symlinks/plugins/firebase_storage/ios`)
  - FirebaseFirestore (from `https://github.com/invertase/firestore-ios-sdk-frameworks.git`, tag `9.3.0`)
  - Flutter (from `Flutter`)
  - google_sign_in_ios (from `.symlinks/plugins/google_sign_in_ios/ios`)
  - notification_permissions (from `.symlinks/plugins/notification_permissions/ios`)
  - phone_number (from `.symlinks/plugins/phone_number/ios`)
  - sign_in_with_apple (from `.symlinks/plugins/sign_in_with_apple/ios`)
  - url_launcher_ios (from `.symlinks/plugins/url_launcher_ios/ios`)
  - webview_flutter_wkwebview (from `.symlinks/plugins/webview_flutter_wkwebview/ios`)

SPEC REPOS:
  trunk:
    - AppAuth
    - DKImagePickerController
    - DKPhotoGallery
    - Firebase
    - FirebaseAppCheckInterop
    - FirebaseAuth
    - FirebaseAuthInterop
    - FirebaseCore
    - FirebaseCoreDiagnostics
    - FirebaseCoreExtension
    - FirebaseCoreInternal
    - FirebaseFunctions
    - FirebaseInstallations
    - FirebaseMessaging
    - FirebaseMessagingInterop
    - FirebaseSharedSwift
    - FirebaseStorage
    - FirebaseStorageInternal
    - GoogleDataTransport
    - GoogleSignIn
    - GoogleUtilities
    - GTMAppAuth
    - GTMSessionFetcher
    - nanopb
    - PhoneNumberKit
    - PromisesObjC
    - SDWebImage
    - SwiftyGif

EXTERNAL SOURCES:
  cloud_firestore:
    :path: ".symlinks/plugins/cloud_firestore/ios"
  cloud_functions:
    :path: ".symlinks/plugins/cloud_functions/ios"
  file_picker:
    :path: ".symlinks/plugins/file_picker/ios"
  firebase_auth:
    :path: ".symlinks/plugins/firebase_auth/ios"
  firebase_core:
    :path: ".symlinks/plugins/firebase_core/ios"
  firebase_messaging:
    :path: ".symlinks/plugins/firebase_messaging/ios"
  firebase_storage:
    :path: ".symlinks/plugins/firebase_storage/ios"
  FirebaseFirestore:
    :git: https://github.com/invertase/firestore-ios-sdk-frameworks.git
    :tag: 9.3.0
  Flutter:
    :path: Flutter
  google_sign_in_ios:
    :path: ".symlinks/plugins/google_sign_in_ios/ios"
  notification_permissions:
    :path: ".symlinks/plugins/notification_permissions/ios"
  phone_number:
    :path: ".symlinks/plugins/phone_number/ios"
  sign_in_with_apple:
    :path: ".symlinks/plugins/sign_in_with_apple/ios"
  url_launcher_ios:
    :path: ".symlinks/plugins/url_launcher_ios/ios"
  webview_flutter_wkwebview:
    :path: ".symlinks/plugins/webview_flutter_wkwebview/ios"

CHECKOUT OPTIONS:
  FirebaseFirestore:
    :git: https://github.com/invertase/firestore-ios-sdk-frameworks.git
    :tag: 9.3.0

SPEC CHECKSUMS:
  AppAuth: 80317d99ac7ff2801a2f18ff86b48cd315ed465d
  cloud_firestore: bc004ee2498babe8c3df4abfd68754939b398135
  cloud_functions: 646a1d8ecc5868b97e6c41cb2bc10b7509ba611c
  DKImagePickerController: b512c28220a2b8ac7419f21c491fc8534b7601ac
  DKPhotoGallery: fdfad5125a9fdda9cc57df834d49df790dbb4179
  file_picker: 817ab1d8cd2da9d2da412a417162deee3500fc95
  Firebase: ef75abb1cdbc746d5a38f4e26c422c807b189b8c
  firebase_auth: f6e32ca8921ff9fff94ba73745b67455fee8b22f
  firebase_core: 96214f90497b808a2cf2a24517084c5f6de37b53
  firebase_messaging: a2cd2c6dd7b5430bb9e4e50e9a474413ae3bce09
  firebase_storage: e95ec41580e311cb30b1ed7459b9e94fb4bbe672
  FirebaseAppCheckInterop: f6b9670fb1360cf12006ca426e9c3b9a35317d17
  FirebaseAuth: 9ebc3577fe0acf9092df21ac314024b70aebf21e
  FirebaseAuthInterop: 79826b4edc64e1d10135947866ad4437657e8696
  FirebaseCore: c088995ece701a021a48a1348ea0174877de2a6a
  FirebaseCoreDiagnostics: 060eb57cc56dfaf40b1b1b5874a5c17c41ce79f8
  FirebaseCoreExtension: 900b065a4970c31ce8de4e966cee910188e3a07b
  FirebaseCoreInternal: 635d1c9a612a6502b6377a0c92af83758076ffff
  FirebaseFirestore: 46c6a5f8f633267208ff16e6b72d7aedc7e77c8d
  FirebaseFunctions: 817616e838ef76f985314d0e1e8caa0bb5c19daf
  FirebaseInstallations: 54b40022cb06e462740c9f2b9fbe38b5e78a825a
  FirebaseMessaging: 2f6e38b6133059eb796ec224104f09379298a8c3
  FirebaseMessagingInterop: af98663efee05115924de2f4123321183c3a2be6
  FirebaseSharedSwift: 8becafc1096ca5703ac03065ed80496023880ac0
  FirebaseStorage: 1414d27e15fa04f6350ef6602accef0e951c8bca
  FirebaseStorageInternal: f1a6d64cace780580d2b8ffa0a0c8cf3c376f3f8
  Flutter: f04841e97a9d0b0a8025694d0796dd46242b2854
  google_sign_in_ios: 4f85eb9f937450765c8573bb85fd8cd6a5af675c
  GoogleDataTransport: 5fffe35792f8b96ec8d6775f5eccd83c998d5a3b
  GoogleSignIn: 3c68388ac221f379676e8f1cb115df3aaf73b93f
  GoogleUtilities: e0913149f6b0625b553d70dae12b49fc62914fd1
  GTMAppAuth: 4d8f864896f3646f0c33baf38a28362f4c601e15
  GTMSessionFetcher: 5595ec75acf5be50814f81e9189490412bad82ba
  nanopb: b552cce312b6c8484180ef47159bc0f65a1f0431
  notification_permissions: 825ea1bf2a52ab585c53fd7b5e8e96876d735d4b
  phone_number: 7e56d6e4e43fbe37507512a3aab3f11cf082af69
  PhoneNumberKit: 441e8b26ec88d598e3591de9061eff18f5dd12e8
  PromisesObjC: ab77feca74fa2823e7af4249b8326368e61014cb
  SDWebImage: 72f86271a6f3139cc7e4a89220946489d4b9a866
  sign_in_with_apple: f3bf75217ea4c2c8b91823f225d70230119b8440
  SwiftyGif: 6c3eafd0ce693cad58bb63d2b2fb9bacb8552780
  url_launcher_ios: 839c58cdb4279282219f5e248c3321761ff3c4de
  webview_flutter_wkwebview: b7e70ef1ddded7e69c796c7390ee74180182971f

PODFILE CHECKSUM: 46ffd2970fed992e4e88567acb86e82d72f1834e

COCOAPODS: 1.11.3
